{
    "name": "oled-i2c-bus",
    "version": "1.0.9",
    "lockfileVersion": 1,
    "requires": true,
    "dependencies": {
        "@types/node": {
            "version": "8.0.47",
            "resolved": "https://registry.npmjs.org/@types/node/-/node-8.0.47.tgz",
            "integrity": "sha512-kOwL746WVvt/9Phf6/JgX/bsGQvbrK5iUgzyfwZNcKVFcjAUVSpF9HxevLTld2SG9aywYHOILj38arDdY1r/iQ==",
            "dev": true
        },
        "es6-shim": {
            "version": "0.35.3",
            "resolved": "https://registry.npmjs.org/es6-shim/-/es6-shim-0.35.3.tgz",
            "integrity": "sha1-m/tzY/7//4emzbbNk+QF7DxLbyY=",
            "dev": true
        },
        "floyd-steinberg": {
            "version": "1.0.5",
            "resolved": "https://registry.npmjs.org/floyd-steinberg/-/floyd-steinberg-1.0.5.tgz",
            "integrity": "sha1-ece4HnBXRQpAaea2FIboHHiQuIw=",
            "dev": true
        },
        "oled-font-5x7": {
            "version": "1.0.0",
            "resolved": "https://registry.npmjs.org/oled-font-5x7/-/oled-font-5x7-1.0.0.tgz",
            "integrity": "sha1-SVmFzigIyg2aFucOXvYGgH5sg6Y=",
            "dev": true
        },
        "png-to-lcd": {
            "version": "1.0.3",
            "resolved": "https://registry.npmjs.org/png-to-lcd/-/png-to-lcd-1.0.3.tgz",
            "integrity": "sha1-QzH6YZlLJ2/Otnxbv2HZiDPBTBY=",
            "dev": true,
            "requires": {
                "floyd-steinberg": "1.0.5",
                "pngparse": "2.0.1"
            }
        },
        "pngparse": {
            "version": "2.0.1",
            "resolved": "https://registry.npmjs.org/pngparse/-/pngparse-2.0.1.tgz",
            "integrity": "sha1-hoUt5N40n077HoUudSVlXlrF37g=",
            "dev": true
        },
        "temporal": {
            "version": "0.3.8",
            "resolved": "https://registry.npmjs.org/temporal/-/temporal-0.3.8.tgz",
            "integrity": "sha1-vct9vV/lGvfkj3V5dy9q3jYJDDc=",
            "dev": true,
            "requires": {
                "es6-shim": "0.35.3"
            }
        }
    }
}
